Microsoft Visual Studio Solution File, Format Version 12.00
# Visual Studio Version 17
VisualStudioVersion = 17.0.31912.275
MinimumVisualStudioVersion = 10.0.40219.1
Project("{888888A0-9F3D-457C-B088-3A5042F75D52}") = "backend", "backend\backend.pyproj", "{9E963651-E74F-403E-BC96-EEF353E96DB0}"
EndProject
Project("{2150E333-8FDC-42A3-9474-1A3956D46DE8}") = "frontend", "frontend", "{11111111-1111-1111-1111-111111111111}"
EndProject
Global
	GlobalSection(SolutionConfigurationPlatforms) = preSolution
		Debug|Any CPU = Debug|Any CPU
		Release|Any CPU = Release|Any CPU
	EndGlobalSection
	GlobalSection(ProjectConfigurationPlatforms) = postSolution
		{9E963651-E74F-403E-BC96-EEF353E96DB0}.Debug|Any CPU.ActiveCfg = Debug|Any CPU
		{9E963651-E74F-403E-BC96-EEF353E96DB0}.Release|Any CPU.ActiveCfg = Release|Any CPU
	EndGlobalSection
	GlobalSection(SolutionProperties) = preSolution
		HideSolutionNode = FALSE
	EndGlobalSection
	GlobalSection(ExtensibilityGlobals) = postSolution
		        SolutionGuid = {E3B6F7F2-AB12-4F1C-9A8C-1234567890AB}
		SolutionGuid = {CE606AD8-E311-4B41-99D4-A57C0F18AE30}
	EndGlobalSection
EndGlobal
